
Microsoft Visual Studio Solution File, Format Version 12.00
# Visual Studio Version 16
VisualStudioVersion = 16.0.30804.86
MinimumVisualStudioVersion = 10.0.40219.1
Project("{9A19103F-16F7-4668-BE54-9A1E7A4F7556}") = "SciSharpStudio", "SciSharpStudio.csproj", "{63FBAFF8-B261-4DA2-AFDC-5A68910DB506}"
EndProject
Global
	GlobalSection(SolutionConfigurationPlatforms) = preSolution
		Debug|Any CPU = Debug|Any CPU
		Release|Any CPU = Release|Any CPU
	EndGlobalSection
	GlobalSection(ProjectConfigurationPlatforms) = postSolution
		{63FBAFF8-B261-4DA2-AFDC-5A68910DB506}.Debug|Any CPU.ActiveCfg = Debug|Any CPU
		{63FBAFF8-B261-4DA2-AFDC-5A68910DB506}.Debug|Any CPU.Build.0 = Debug|Any CPU
		{63FBAFF8-B261-4DA2-AFDC-5A68910DB506}.Release|Any CPU.ActiveCfg = Release|Any CPU
		{63FBAFF8-B261-4DA2-AFDC-5A68910DB506}.Release|Any CPU.Build.0 = Release|Any CPU
	EndGlobalSection
	GlobalSection(SolutionProperties) = preSolution
		HideSolutionNode = FALSE
	EndGlobalSection
	GlobalSection(ExtensibilityGlobals) = postSolution
		SolutionGuid = {912CB442-D1D8-45AA-962F-ED16E12A5418}
	EndGlobalSection
EndGlobal
